# This file was autogenerated by Stack.
# You should not edit this file by hand.
# For more information, please see the documentation at:
#   https://docs.haskellstack.org/en/stable/topics/lock_files

packages:
- completed:
    hackage: slick-1.3.1.0@sha256:038863f9596e52d65957468d4a87b4e293fc0368cff8c2edc4dd807dbdf64527,1312
    pantry-tree:
      sha256: 05024a64c07eaaffab7fe1c705aac822415e470f93cd7e2e9acf37ac51dfe5bb
      size: 602
  original:
    hackage: slick-1.3.1.0
snapshots:
- completed:
    sha256: 8e7996960d864443a66eb4105338bbdd6830377b9f6f99cd5527ef73c10c01e7
    size: 719128
    url: https://raw.githubusercontent.com/commercialhaskell/stackage-snapshots/master/lts/22/26.yaml
  original: lts-22.26
